
Microsoft Visual Studio Solution File, Format Version 12.00
# Visual Studio 15
VisualStudioVersion = 15.0.28307.705
MinimumVisualStudioVersion = 10.0.40219.1
Project("{FAE04EC0-301F-11D3-BF4B-00C04F79EFBC}") = "kmall-csharp", "kmall-csharp\kmall-csharp.csproj", "{12DED534-51D8-4EF8-8439-4CD044C9F992}"
EndProject
Global
	GlobalSection(SolutionConfigurationPlatforms) = preSolution
		Debug|Any CPU = Debug|Any CPU
		Release|Any CPU = Release|Any CPU
	EndGlobalSection
	GlobalSection(ProjectConfigurationPlatforms) = postSolution
		{12DED534-51D8-4EF8-8439-4CD044C9F992}.Debug|Any CPU.ActiveCfg = Debug|Any CPU
		{12DED534-51D8-4EF8-8439-4CD044C9F992}.Debug|Any CPU.Build.0 = Debug|Any CPU
		{12DED534-51D8-4EF8-8439-4CD044C9F992}.Release|Any CPU.ActiveCfg = Release|Any CPU
		{12DED534-51D8-4EF8-8439-4CD044C9F992}.Release|Any CPU.Build.0 = Release|Any CPU
	EndGlobalSection
	GlobalSection(SolutionProperties) = preSolution
		HideSolutionNode = FALSE
	EndGlobalSection
	GlobalSection(ExtensibilityGlobals) = postSolution
		SolutionGuid = {0AA5F0E4-0683-4333-9878-AC73423FD97B}
	EndGlobalSection
EndGlobal
